
Microsoft Visual Studio Solution File, Format Version 12.00
# Visual Studio 15
VisualStudioVersion = 15.0.28307.438
MinimumVisualStudioVersion = 10.0.40219.1
Project("{FAE04EC0-301F-11D3-BF4B-00C04F79EFBC}") = "Cyberbear_Events", "Cyberbear_Events\Cyberbear_Events.csproj", "{2BD5260E-08B4-46CC-BCDB-7ACC64060365}"
EndProject
Project("{FAE04EC0-301F-11D3-BF4B-00C04F79EFBC}") = "Cyberbear_View", "Cyberbear_View\Cyberbear_View.csproj", "{D4F673C7-3B70-4287-854E-2D77895E238C}"
EndProject
Project("{54435603-DBB4-11D2-8724-00A0C9A8B90C}") = "Installer", "Installer\Installer.vdproj", "{03A1A484-FE3F-4E49-9E59-B1369FEAAF6C}"
EndProject
Global
	GlobalSection(SolutionConfigurationPlatforms) = preSolution
		Debug|Any CPU = Debug|Any CPU
		Debug|x64 = Debug|x64
		Debug|x86 = Debug|x86
		Release|Any CPU = Release|Any CPU
		Release|x64 = Release|x64
		Release|x86 = Release|x86
	EndGlobalSection
	GlobalSection(ProjectConfigurationPlatforms) = postSolution
		{2BD5260E-08B4-46CC-BCDB-7ACC64060365}.Debug|Any CPU.ActiveCfg = Debug|Any CPU
		{2BD5260E-08B4-46CC-BCDB-7ACC64060365}.Debug|Any CPU.Build.0 = Debug|Any CPU
		{2BD5260E-08B4-46CC-BCDB-7ACC64060365}.Debug|x64.ActiveCfg = Debug|Any CPU
		{2BD5260E-08B4-46CC-BCDB-7ACC64060365}.Debug|x64.Build.0 = Debug|Any CPU
		{2BD5260E-08B4-46CC-BCDB-7ACC64060365}.Debug|x86.ActiveCfg = Debug|Any CPU
		{2BD5260E-08B4-46CC-BCDB-7ACC64060365}.Debug|x86.Build.0 = Debug|Any CPU
		{2BD5260E-08B4-46CC-BCDB-7ACC64060365}.Release|Any CPU.ActiveCfg = Release|Any CPU
		{2BD5260E-08B4-46CC-BCDB-7ACC64060365}.Release|Any CPU.Build.0 = Release|Any CPU
		{2BD5260E-08B4-46CC-BCDB-7ACC64060365}.Release|x64.ActiveCfg = Release|Any CPU
		{2BD5260E-08B4-46CC-BCDB-7ACC64060365}.Release|x64.Build.0 = Release|Any CPU
		{2BD5260E-08B4-46CC-BCDB-7ACC64060365}.Release|x86.ActiveCfg = Release|Any CPU
		{2BD5260E-08B4-46CC-BCDB-7ACC64060365}.Release|x86.Build.0 = Release|Any CPU
		{D4F673C7-3B70-4287-854E-2D77895E238C}.Debug|Any CPU.ActiveCfg = Debug|Any CPU
		{D4F673C7-3B70-4287-854E-2D77895E238C}.Debug|Any CPU.Build.0 = Debug|Any CPU
		{D4F673C7-3B70-4287-854E-2D77895E238C}.Debug|x64.ActiveCfg = Debug|Any CPU
		{D4F673C7-3B70-4287-854E-2D77895E238C}.Debug|x64.Build.0 = Debug|Any CPU
		{D4F673C7-3B70-4287-854E-2D77895E238C}.Debug|x86.ActiveCfg = Debug|Any CPU
		{D4F673C7-3B70-4287-854E-2D77895E238C}.Debug|x86.Build.0 = Debug|Any CPU
		{D4F673C7-3B70-4287-854E-2D77895E238C}.Release|Any CPU.ActiveCfg = Release|Any CPU
		{D4F673C7-3B70-4287-854E-2D77895E238C}.Release|Any CPU.Build.0 = Release|Any CPU
		{D4F673C7-3B70-4287-854E-2D77895E238C}.Release|x64.ActiveCfg = Release|Any CPU
		{D4F673C7-3B70-4287-854E-2D77895E238C}.Release|x64.Build.0 = Release|Any CPU
		{D4F673C7-3B70-4287-854E-2D77895E238C}.Release|x86.ActiveCfg = Release|Any CPU
		{D4F673C7-3B70-4287-854E-2D77895E238C}.Release|x86.Build.0 = Release|Any CPU
		{03A1A484-FE3F-4E49-9E59-B1369FEAAF6C}.Debug|Any CPU.ActiveCfg = Debug
		{03A1A484-FE3F-4E49-9E59-B1369FEAAF6C}.Debug|x64.ActiveCfg = Debug
		{03A1A484-FE3F-4E49-9E59-B1369FEAAF6C}.Debug|x86.ActiveCfg = Debug
		{03A1A484-FE3F-4E49-9E59-B1369FEAAF6C}.Release|Any CPU.ActiveCfg = Release
		{03A1A484-FE3F-4E49-9E59-B1369FEAAF6C}.Release|x64.ActiveCfg = Release
		{03A1A484-FE3F-4E49-9E59-B1369FEAAF6C}.Release|x86.ActiveCfg = Release
	EndGlobalSection
	GlobalSection(SolutionProperties) = preSolution
		HideSolutionNode = FALSE
	EndGlobalSection
	GlobalSection(ExtensibilityGlobals) = postSolution
		SolutionGuid = {8CDF96CC-A7FB-4FB9-A747-66EEB6754157}
	EndGlobalSection
EndGlobal
